
Microsoft Visual Studio Solution File, Format Version 12.00
# Visual Studio 14
VisualStudioVersion = 14.0.23107.0
MinimumVisualStudioVersion = 10.0.40219.1
Project("{8BC9CEB8-8B4A-11D0-8D11-00A0C91BC942}") = "LuaCppInterface", "LuaCppInterface\LuaCppInterface.vcxproj", "{45975324-0A0E-4989-8E08-B235E4F893CA}"
	ProjectSection(ProjectDependencies) = postProject
		{DEDB4F55-9217-4013-9076-AC31D593AA24} = {DEDB4F55-9217-4013-9076-AC31D593AA24}
	EndProjectSection
EndProject
Project("{8BC9CEB8-8B4A-11D0-8D11-00A0C91BC942}") = "LuaCppTest", "LuaCppTest\LuaCppTest.vcxproj", "{45EA0465-1704-4423-A651-2B409EB95B3E}"
	ProjectSection(ProjectDependencies) = postProject
		{DEDB4F55-9217-4013-9076-AC31D593AA24} = {DEDB4F55-9217-4013-9076-AC31D593AA24}
	EndProjectSection
EndProject
Project("{8BC9CEB8-8B4A-11D0-8D11-00A0C91BC942}") = "LuaLib", "LuaLib\LuaLib.vcxproj", "{DEDB4F55-9217-4013-9076-AC31D593AA24}"
EndProject
Global
	GlobalSection(SolutionConfigurationPlatforms) = preSolution
		Debug|Win32 = Debug|Win32
		Debug|x64 = Debug|x64
		Release|Win32 = Release|Win32
		Release|x64 = Release|x64
	EndGlobalSection
	GlobalSection(ProjectConfigurationPlatforms) = postSolution
		{45975324-0A0E-4989-8E08-B235E4F893CA}.Debug|Win32.ActiveCfg = Debug|Win32
		{45975324-0A0E-4989-8E08-B235E4F893CA}.Debug|Win32.Build.0 = Debug|Win32
		{45975324-0A0E-4989-8E08-B235E4F893CA}.Debug|x64.ActiveCfg = Debug|x64
		{45975324-0A0E-4989-8E08-B235E4F893CA}.Debug|x64.Build.0 = Debug|x64
		{45975324-0A0E-4989-8E08-B235E4F893CA}.Release|Win32.ActiveCfg = Release|Win32
		{45975324-0A0E-4989-8E08-B235E4F893CA}.Release|Win32.Build.0 = Release|Win32
		{45975324-0A0E-4989-8E08-B235E4F893CA}.Release|x64.ActiveCfg = Release|x64
		{45975324-0A0E-4989-8E08-B235E4F893CA}.Release|x64.Build.0 = Release|x64
		{45EA0465-1704-4423-A651-2B409EB95B3E}.Debug|Win32.ActiveCfg = Debug|Win32
		{45EA0465-1704-4423-A651-2B409EB95B3E}.Debug|Win32.Build.0 = Debug|Win32
		{45EA0465-1704-4423-A651-2B409EB95B3E}.Debug|x64.ActiveCfg = Debug|x64
		{45EA0465-1704-4423-A651-2B409EB95B3E}.Debug|x64.Build.0 = Debug|x64
		{45EA0465-1704-4423-A651-2B409EB95B3E}.Release|Win32.ActiveCfg = Release|Win32
		{45EA0465-1704-4423-A651-2B409EB95B3E}.Release|Win32.Build.0 = Release|Win32
		{45EA0465-1704-4423-A651-2B409EB95B3E}.Release|x64.ActiveCfg = Release|x64
		{45EA0465-1704-4423-A651-2B409EB95B3E}.Release|x64.Build.0 = Release|x64
		{DEDB4F55-9217-4013-9076-AC31D593AA24}.Debug|Win32.ActiveCfg = Debug|Win32
		{DEDB4F55-9217-4013-9076-AC31D593AA24}.Debug|Win32.Build.0 = Debug|Win32
		{DEDB4F55-9217-4013-9076-AC31D593AA24}.Debug|x64.ActiveCfg = Debug|x64
		{DEDB4F55-9217-4013-9076-AC31D593AA24}.Debug|x64.Build.0 = Debug|x64
		{DEDB4F55-9217-4013-9076-AC31D593AA24}.Release|Win32.ActiveCfg = Release|Win32
		{DEDB4F55-9217-4013-9076-AC31D593AA24}.Release|Win32.Build.0 = Release|Win32
		{DEDB4F55-9217-4013-9076-AC31D593AA24}.Release|x64.ActiveCfg = Release|x64
		{DEDB4F55-9217-4013-9076-AC31D593AA24}.Release|x64.Build.0 = Release|x64
	EndGlobalSection
	GlobalSection(SolutionProperties) = preSolution
		HideSolutionNode = FALSE
	EndGlobalSection
EndGlobal
